
Microsoft Visual Studio Solution File, Format Version 12.00
# Visual Studio Version 16
VisualStudioVersion = 16.0.32228.343
MinimumVisualStudioVersion = 10.0.40219.1
Project("{FAE04EC0-301F-11D3-BF4B-00C04F79EFBC}") = "BACKUP_RESTORE_SQL", "BACKUP_RESTORE_SQL\BACKUP_RESTORE_SQL.csproj", "{C0D55374-342A-4E02-87E7-FC8CC5B29E54}"
EndProject
Global
	GlobalSection(SolutionConfigurationPlatforms) = preSolution
		Debug|Any CPU = Debug|Any CPU
		Release|Any CPU = Release|Any CPU
	EndGlobalSection
	GlobalSection(ProjectConfigurationPlatforms) = postSolution
		{C0D55374-342A-4E02-87E7-FC8CC5B29E54}.Debug|Any CPU.ActiveCfg = Debug|Any CPU
		{C0D55374-342A-4E02-87E7-FC8CC5B29E54}.Debug|Any CPU.Build.0 = Debug|Any CPU
		{C0D55374-342A-4E02-87E7-FC8CC5B29E54}.Release|Any CPU.ActiveCfg = Release|Any CPU
		{C0D55374-342A-4E02-87E7-FC8CC5B29E54}.Release|Any CPU.Build.0 = Release|Any CPU
	EndGlobalSection
	GlobalSection(SolutionProperties) = preSolution
		HideSolutionNode = FALSE
	EndGlobalSection
	GlobalSection(ExtensibilityGlobals) = postSolution
		SolutionGuid = {9E0B245D-9A57-466B-A706-F54F7215C729}
	EndGlobalSection
EndGlobal
